{
  "pins" : [
    {
      "identity" : "suite",
      "kind" : "remoteSourceControl",
      "location" : "https://github.com/ios-tooling/Suite.git",
      "state" : {
        "revision" : "2e4aed118a525ed54ee197f7afa76473d06e677b",
        "version" : "1.0.107"
      }
    }
  ],
  "version" : 2
}
